// !$*UTF8*$!
{
	archiveVersion = 1;
	classes = {
	};
	objectVersion = 50;
	objects = {

/* Begin PBXBuildFile section */
		EF2612FE26205E8500FD3AF2 /* jp.json in Resources */ = {isa = PBXBuildFile; fileRef = EF2612FD26205E8500FD3AF2 /* jp.json */; };
		EF26130126205EBD00FD3AF2 /* HomeView.swift in Sources */ = {isa = PBXBuildFile; fileRef = EF26130026205EBD00FD3AF2 /* HomeView.swift */; };
		EF26130426205ED600FD3AF2 /* WelcomeView.swift in Sources */ = {isa = PBXBuildFile; fileRef = EF26130326205ED600FD3AF2 /* WelcomeView.swift */; };
		EF2613082620A8FF00FD3AF2 /* HorizontallyAlignedLabelStyle.swift in Sources */ = {isa = PBXBuildFile; fileRef = EF2613072620A8FF00FD3AF2 /* HorizontallyAlignedLabelStyle.swift */; };
		EF2613112620AA1D00FD3AF2 /* UserManager.swift in Sources */ = {isa = PBXBuildFile; fileRef = EF26130E2620AA1D00FD3AF2 /* UserManager.swift */; };
		EF2613122620AA1D00FD3AF2 /* Profile.swift in Sources */ = {isa = PBXBuildFile; fileRef = EF26130F2620AA1D00FD3AF2 /* Profile.swift */; };
		EF2613132620AA1D00FD3AF2 /* Settings.swift in Sources */ = {isa = PBXBuildFile; fileRef = EF2613102620AA1D00FD3AF2 /* Settings.swift */; };
		EF2613162620B15800FD3AF2 /* WelcomeBackgroundImage.swift in Sources */ = {isa = PBXBuildFile; fileRef = EF2613152620B15800FD3AF2 /* WelcomeBackgroundImage.swift */; };
		EF2613192620B20800FD3AF2 /* LogoImage.swift in Sources */ = {isa = PBXBuildFile; fileRef = EF2613182620B20800FD3AF2 /* LogoImage.swift */; };
		EF26131F2620B32400FD3AF2 /* Preview Assets.xcassets in Resources */ = {isa = PBXBuildFile; fileRef = EF26131E2620B32400FD3AF2 /* Preview Assets.xcassets */; };
		EF2613272620B44C00FD3AF2 /* RegisterView.swift in Sources */ = {isa = PBXBuildFile; fileRef = EF2613262620B44C00FD3AF2 /* RegisterView.swift */; };
		EF26132B2620B5A000FD3AF2 /* WelcomeMessageView.swift in Sources */ = {isa = PBXBuildFile; fileRef = EF26132A2620B5A000FD3AF2 /* WelcomeMessageView.swift */; };
		EFE490F2262048D700036380 /* KuchiApp.swift in Sources */ = {isa = PBXBuildFile; fileRef = EFE490F1262048D700036380 /* KuchiApp.swift */; };
		EFE490F4262048D700036380 /* ContentView.swift in Sources */ = {isa = PBXBuildFile; fileRef = EFE490F3262048D700036380 /* ContentView.swift */; };
		EFE490F6262048D800036380 /* Assets.xcassets in Resources */ = {isa = PBXBuildFile; fileRef = EFE490F5262048D800036380 /* Assets.xcassets */; };
/* End PBXBuildFile section */

/* Begin PBXFileReference section */
		EF2612FD26205E8500FD3AF2 /* jp.json */ = {isa = PBXFileReference; fileEncoding = 4; lastKnownFileType = text.json; name = jp.json; path = ../../../starter/Kuchi/Shared/Resources/jp.json; sourceTree = "<group>"; };
		EF26130026205EBD00FD3AF2 /* HomeView.swift */ = {isa = PBXFileReference; lastKnownFileType = sourcecode.swift; path = HomeView.swift; sourceTree = "<group>"; };
		EF26130326205ED600FD3AF2 /* WelcomeView.swift */ = {isa = PBXFileReference; lastKnownFileType = sourcecode.swift; path = WelcomeView.swift; sourceTree = "<group>"; };
		EF2613072620A8FF00FD3AF2 /* HorizontallyAlignedLabelStyle.swift */ = {isa = PBXFileReference; lastKnownFileType = sourcecode.swift; path = HorizontallyAlignedLabelStyle.swift; sourceTree = "<group>"; };
		EF26130E2620AA1D00FD3AF2 /* UserManager.swift */ = {isa = PBXFileReference; fileEncoding = 4; lastKnownFileType = sourcecode.swift; path = UserManager.swift; sourceTree = "<group>"; };
		EF26130F2620AA1D00FD3AF2 /* Profile.swift */ = {isa = PBXFileReference; fileEncoding = 4; lastKnownFileType = sourcecode.swift; path = Profile.swift; sourceTree = "<group>"; };
		EF2613102620AA1D00FD3AF2 /* Settings.swift */ = {isa = PBXFileReference; fileEncoding = 4; lastKnownFileType = sourcecode.swift; path = Settings.swift; sourceTree = "<group>"; };
		EF2613152620B15800FD3AF2 /* WelcomeBackgroundImage.swift */ = {isa = PBXFileReference; lastKnownFileType = sourcecode.swift; path = WelcomeBackgroundImage.swift; sourceTree = "<group>"; };
		EF2613182620B20800FD3AF2 /* LogoImage.swift */ = {isa = PBXFileReference; lastKnownFileType = sourcecode.swift; path = LogoImage.swift; sourceTree = "<group>"; };
		EF26131E2620B32400FD3AF2 /* Preview Assets.xcassets */ = {isa = PBXFileReference; lastKnownFileType = folder.assetcatalog; path = "Preview Assets.xcassets"; sourceTree = "<group>"; };
		EF2613262620B44C00FD3AF2 /* RegisterView.swift */ = {isa = PBXFileReference; lastKnownFileType = sourcecode.swift; path = RegisterView.swift; sourceTree = "<group>"; };
		EF26132A2620B5A000FD3AF2 /* WelcomeMessageView.swift */ = {isa = PBXFileReference; lastKnownFileType = sourcecode.swift; path = WelcomeMessageView.swift; sourceTree = "<group>"; };
		EFE490EE262048D700036380 /* Kuchi.app */ = {isa = PBXFileReference; explicitFileType = wrapper.application; includeInIndex = 0; path = Kuchi.app; sourceTree = BUILT_PRODUCTS_DIR; };
		EFE490F1262048D700036380 /* KuchiApp.swift */ = {isa = PBXFileReference; lastKnownFileType = sourcecode.swift; path = KuchiApp.swift; sourceTree = "<group>"; };
		EFE490F3262048D700036380 /* ContentView.swift */ = {isa = PBXFileReference; lastKnownFileType = sourcecode.swift; path = ContentView.swift; sourceTree = "<group>"; };
		EFE490F5262048D800036380 /* Assets.xcassets */ = {isa = PBXFileReference; lastKnownFileType = folder.assetcatalog; path = Assets.xcassets; sourceTree = "<group>"; };
		EFE490FA262048D800036380 /* Info.plist */ = {isa = PBXFileReference; lastKnownFileType = text.plist.xml; path = Info.plist; sourceTree = "<group>"; };
		EFE49101262048EB00036380 /* Kuchi.entitlements */ = {isa = PBXFileReference; lastKnownFileType = text.plist.entitlements; path = Kuchi.entitlements; sourceTree = "<group>"; };
/* End PBXFileReference section */

/* Begin PBXFrameworksBuildPhase section */
		EFE490EB262048D700036380 /* Frameworks */ = {
			isa = PBXFrameworksBuildPhase;
			buildActionMask = 2147483647;
			files = (
			);
			runOnlyForDeploymentPostprocessing = 0;
		};
/* End PBXFrameworksBuildPhase section */

/* Begin PBXGroup section */
		EF2612FA26205E4500FD3AF2 /* Welcome */ = {
			isa = PBXGroup;
			children = (
				EF26130326205ED600FD3AF2 /* WelcomeView.swift */,
				EF2613262620B44C00FD3AF2 /* RegisterView.swift */,
				EF2612FB26205E5400FD3AF2 /* Components */,
			);
			path = Welcome;
			sourceTree = "<group>";
		};
		EF2612FB26205E5400FD3AF2 /* Components */ = {
			isa = PBXGroup;
			children = (
				EF2613072620A8FF00FD3AF2 /* HorizontallyAlignedLabelStyle.swift */,
				EF2613152620B15800FD3AF2 /* WelcomeBackgroundImage.swift */,
				EF2613182620B20800FD3AF2 /* LogoImage.swift */,
				EF26132A2620B5A000FD3AF2 /* WelcomeMessageView.swift */,
			);
			path = Components;
			sourceTree = "<group>";
		};
		EF2612FC26205E6500FD3AF2 /* Resource */ = {
			isa = PBXGroup;
			children = (
				EF26131D2620B32400FD3AF2 /* Preview Content */,
				EFE490F5262048D800036380 /* Assets.xcassets */,
				EF2612FD26205E8500FD3AF2 /* jp.json */,
			);
			path = Resource;
			sourceTree = "<group>";
		};
		EF26130D2620AA1D00FD3AF2 /* Profile */ = {
			isa = PBXGroup;
			children = (
				EF26130E2620AA1D00FD3AF2 /* UserManager.swift */,
				EF26130F2620AA1D00FD3AF2 /* Profile.swift */,
				EF2613102620AA1D00FD3AF2 /* Settings.swift */,
			);
			name = Profile;
			path = ../../starter/Kuchi/Shared/Profile;
			sourceTree = "<group>";
		};
		EF26131D2620B32400FD3AF2 /* Preview Content */ = {
			isa = PBXGroup;
			children = (
				EF26131E2620B32400FD3AF2 /* Preview Assets.xcassets */,
			);
			path = "Preview Content";
			sourceTree = "<group>";
		};
		EFE490E5262048D700036380 = {
			isa = PBXGroup;
			children = (
				EFE490F0262048D700036380 /* Kuchi */,
				EFE490EF262048D700036380 /* Products */,
			);
			sourceTree = "<group>";
		};
		EFE490EF262048D700036380 /* Products */ = {
			isa = PBXGroup;
			children = (
				EFE490EE262048D700036380 /* Kuchi.app */,
			);
			name = Products;
			sourceTree = "<group>";
		};
		EFE490F0262048D700036380 /* Kuchi */ = {
			isa = PBXGroup;
			children = (
				EF26130026205EBD00FD3AF2 /* HomeView.swift */,
				EFE490F1262048D700036380 /* KuchiApp.swift */,
				EFE490F3262048D700036380 /* ContentView.swift */,
				EF26130D2620AA1D00FD3AF2 /* Profile */,
				EF2612FC26205E6500FD3AF2 /* Resource */,
				EF2612FA26205E4500FD3AF2 /* Welcome */,
				EFE49101262048EB00036380 /* Kuchi.entitlements */,
				EFE490FA262048D800036380 /* Info.plist */,
			);
			path = Kuchi;
			sourceTree = "<group>";
		};
/* End PBXGroup section */

/* Begin PBXNativeTarget section */
		EFE490ED262048D700036380 /* Kuchi */ = {
			isa = PBXNativeTarget;
			buildConfigurationList = EFE490FD262048D800036380 /* Build configuration list for PBXNativeTarget "Kuchi" */;
			buildPhases = (
				EFE490EA262048D700036380 /* Sources */,
				EFE490EB262048D700036380 /* Frameworks */,
				EFE490EC262048D700036380 /* Resources */,
			);
			buildRules = (
			);
			dependencies = (
			);
			name = Kuchi;
			productName = Kuchi;
			productReference = EFE490EE262048D700036380 /* Kuchi.app */;
			productType = "com.apple.product-type.application";
		};
/* End PBXNativeTarget section */

/* Begin PBXProject section */
		EFE490E6262048D700036380 /* Project object */ = {
			isa = PBXProject;
			attributes = {
				LastSwiftUpdateCheck = 1240;
				LastUpgradeCheck = 1240;
				TargetAttributes = {
					EFE490ED262048D700036380 = {
						CreatedOnToolsVersion = 12.4;
					};
				};
			};
			buildConfigurationList = EFE490E9262048D700036380 /* Build configuration list for PBXProject "Kuchi" */;
			compatibilityVersion = "Xcode 9.3";
			developmentRegion = en;
			hasScannedForEncodings = 0;
			knownRegions = (
				en,
				Base,
			);
			mainGroup = EFE490E5262048D700036380;
			productRefGroup = EFE490EF262048D700036380 /* Products */;
			projectDirPath = "";
			projectRoot = "";
			targets = (
				EFE490ED262048D700036380 /* Kuchi */,
			);
		};
/* End PBXProject section */

/* Begin PBXResourcesBuildPhase section */
		EFE490EC262048D700036380 /* Resources */ = {
			isa = PBXResourcesBuildPhase;
			buildActionMask = 2147483647;
			files = (
				EF2612FE26205E8500FD3AF2 /* jp.json in Resources */,
				EF26131F2620B32400FD3AF2 /* Preview Assets.xcassets in Resources */,
				EFE490F6262048D800036380 /* Assets.xcassets in Resources */,
			);
			runOnlyForDeploymentPostprocessing = 0;
		};
/* End PBXResourcesBuildPhase section */

/* Begin PBXSourcesBuildPhase section */
		EFE490EA262048D700036380 /* Sources */ = {
			isa = PBXSourcesBuildPhase;
			buildActionMask = 2147483647;
			files = (
				EF2613272620B44C00FD3AF2 /* RegisterView.swift in Sources */,
				EF2613112620AA1D00FD3AF2 /* UserManager.swift in Sources */,
				EF26130126205EBD00FD3AF2 /* HomeView.swift in Sources */,
				EF2613192620B20800FD3AF2 /* LogoImage.swift in Sources */,
				EF2613132620AA1D00FD3AF2 /* Settings.swift in Sources */,
				EFE490F4262048D700036380 /* ContentView.swift in Sources */,
				EF2613122620AA1D00FD3AF2 /* Profile.swift in Sources */,
				EF26132B2620B5A000FD3AF2 /* WelcomeMessageView.swift in Sources */,
				EF2613162620B15800FD3AF2 /* WelcomeBackgroundImage.swift in Sources */,
				EFE490F2262048D700036380 /* KuchiApp.swift in Sources */,
				EF2613082620A8FF00FD3AF2 /* HorizontallyAlignedLabelStyle.swift in Sources */,
				EF26130426205ED600FD3AF2 /* WelcomeView.swift in Sources */,
			);
			runOnlyForDeploymentPostprocessing = 0;
		};
/* End PBXSourcesBuildPhase section */

/* Begin XCBuildConfiguration section */
		EFE490FB262048D800036380 /* Debug */ = {
			isa = XCBuildConfiguration;
			buildSettings = {
				ALWAYS_SEARCH_USER_PATHS = NO;
				CLANG_ANALYZER_NONNULL = YES;
				CLANG_ANALYZER_NUMBER_OBJECT_CONVERSION = YES_AGGRESSIVE;
				CLANG_CXX_LANGUAGE_STANDARD = "gnu++14";
				CLANG_CXX_LIBRARY = "libc++";
				CLANG_ENABLE_MODULES = YES;
				CLANG_ENABLE_OBJC_ARC = YES;
				CLANG_ENABLE_OBJC_WEAK = YES;
				CLANG_WARN_BLOCK_CAPTURE_AUTORELEASING = YES;
				CLANG_WARN_BOOL_CONVERSION = YES;
				CLANG_WARN_COMMA = YES;
				CLANG_WARN_CONSTANT_CONVERSION = YES;
				CLANG_WARN_DEPRECATED_OBJC_IMPLEMENTATIONS = YES;
				CLANG_WARN_DIRECT_OBJC_ISA_USAGE = YES_ERROR;
				CLANG_WARN_DOCUMENTATION_COMMENTS = YES;
				CLANG_WARN_EMPTY_BODY = YES;
				CLANG_WARN_ENUM_CONVERSION = YES;
				CLANG_WARN_INFINITE_RECURSION = YES;
				CLANG_WARN_INT_CONVERSION = YES;
				CLANG_WARN_NON_LITERAL_NULL_CONVERSION = YES;
				CLANG_WARN_OBJC_IMPLICIT_RETAIN_SELF = YES;
				CLANG_WARN_OBJC_LITERAL_CONVERSION = YES;
				CLANG_WARN_OBJC_ROOT_CLASS = YES_ERROR;
				CLANG_WARN_QUOTED_INCLUDE_IN_FRAMEWORK_HEADER = YES;
				CLANG_WARN_RANGE_LOOP_ANALYSIS = YES;
				CLANG_WARN_STRICT_PROTOTYPES = YES;
				CLANG_WARN_SUSPICIOUS_MOVE = YES;
				CLANG_WARN_UNGUARDED_AVAILABILITY = YES_AGGRESSIVE;
				CLANG_WARN_UNREACHABLE_CODE = YES;
				CLANG_WARN__DUPLICATE_METHOD_MATCH = YES;
				COPY_PHASE_STRIP = NO;
				DEBUG_INFORMATION_FORMAT = dwarf;
				ENABLE_STRICT_OBJC_MSGSEND = YES;
				ENABLE_TESTABILITY = YES;
				GCC_C_LANGUAGE_STANDARD = gnu11;
				GCC_DYNAMIC_NO_PIC = NO;
				GCC_NO_COMMON_BLOCKS = YES;
				GCC_OPTIMIZATION_LEVEL = 0;
				GCC_PREPROCESSOR_DEFINITIONS = (
					"DEBUG=1",
					"$(inherited)",
				);
				GCC_WARN_64_TO_32_BIT_CONVERSION = YES;
				GCC_WARN_ABOUT_RETURN_TYPE = YES_ERROR;
				GCC_WARN_UNDECLARED_SELECTOR = YES;
				GCC_WARN_UNINITIALIZED_AUTOS = YES_AGGRESSIVE;
				GCC_WARN_UNUSED_FUNCTION = YES;
				GCC_WARN_UNUSED_VARIABLE = YES;
				IPHONEOS_DEPLOYMENT_TARGET = 14.4;
				MTL_ENABLE_DEBUG_INFO = INCLUDE_SOURCE;
				MTL_FAST_MATH = YES;
				ONLY_ACTIVE_ARCH = YES;
				SDKROOT = iphoneos;
				SWIFT_ACTIVE_COMPILATION_CONDITIONS = DEBUG;
				SWIFT_OPTIMIZATION_LEVEL = "-Onone";
			};
			name = Debug;
		};
		EFE490FC262048D800036380 /* Release */ = {
			isa = XCBuildConfiguration;
			buildSettings = {
				ALWAYS_SEARCH_USER_PATHS = NO;
				CLANG_ANALYZER_NONNULL = YES;
				CLANG_ANALYZER_NUMBER_OBJECT_CONVERSION = YES_AGGRESSIVE;
				CLANG_CXX_LANGUAGE_STANDARD = "gnu++14";
				CLANG_CXX_LIBRARY = "libc++";
				CLANG_ENABLE_MODULES = YES;
				CLANG_ENABLE_OBJC_ARC = YES;
				CLANG_ENABLE_OBJC_WEAK = YES;
				CLANG_WARN_BLOCK_CAPTURE_AUTORELEASING = YES;
				CLANG_WARN_BOOL_CONVERSION = YES;
				CLANG_WARN_COMMA = YES;
				CLANG_WARN_CONSTANT_CONVERSION = YES;
				CLANG_WARN_DEPRECATED_OBJC_IMPLEMENTATIONS = YES;
				CLANG_WARN_DIRECT_OBJC_ISA_USAGE = YES_ERROR;
				CLANG_WARN_DOCUMENTATION_COMMENTS = YES;
				CLANG_WARN_EMPTY_BODY = YES;
				CLANG_WARN_ENUM_CONVERSION = YES;
				CLANG_WARN_INFINITE_RECURSION = YES;
				CLANG_WARN_INT_CONVERSION = YES;
				CLANG_WARN_NON_LITERAL_NULL_CONVERSION = YES;
				CLANG_WARN_OBJC_IMPLICIT_RETAIN_SELF = YES;
				CLANG_WARN_OBJC_LITERAL_CONVERSION = YES;
				CLANG_WARN_OBJC_ROOT_CLASS = YES_ERROR;
				CLANG_WARN_QUOTED_INCLUDE_IN_FRAMEWORK_HEADER = YES;
				CLANG_WARN_RANGE_LOOP_ANALYSIS = YES;
				CLANG_WARN_STRICT_PROTOTYPES = YES;
				CLANG_WARN_SUSPICIOUS_MOVE = YES;
				CLANG_WARN_UNGUARDED_AVAILABILITY = YES_AGGRESSIVE;
				CLANG_WARN_UNREACHABLE_CODE = YES;
				CLANG_WARN__DUPLICATE_METHOD_MATCH = YES;
				COPY_PHASE_STRIP = NO;
				DEBUG_INFORMATION_FORMAT = "dwarf-with-dsym";
				ENABLE_NS_ASSERTIONS = NO;
				ENABLE_STRICT_OBJC_MSGSEND = YES;
				GCC_C_LANGUAGE_STANDARD = gnu11;
				GCC_NO_COMMON_BLOCKS = YES;
				GCC_WARN_64_TO_32_BIT_CONVERSION = YES;
				GCC_WARN_ABOUT_RETURN_TYPE = YES_ERROR;
				GCC_WARN_UNDECLARED_SELECTOR = YES;
				GCC_WARN_UNINITIALIZED_AUTOS = YES_AGGRESSIVE;
				GCC_WARN_UNUSED_FUNCTION = YES;
				GCC_WARN_UNUSED_VARIABLE = YES;
				IPHONEOS_DEPLOYMENT_TARGET = 14.4;
				MTL_ENABLE_DEBUG_INFO = NO;
				MTL_FAST_MATH = YES;
				SDKROOT = iphoneos;
				SWIFT_COMPILATION_MODE = wholemodule;
				SWIFT_OPTIMIZATION_LEVEL = "-O";
				VALIDATE_PRODUCT = YES;
			};
			name = Release;
		};
		EFE490FE262048D800036380 /* Debug */ = {
			isa = XCBuildConfiguration;
			buildSettings = {
				ASSETCATALOG_COMPILER_APPICON_NAME = AppIcon;
				ASSETCATALOG_COMPILER_GLOBAL_ACCENT_COLOR_NAME = AccentColor;
				CODE_SIGN_ENTITLEMENTS = Kuchi/Kuchi.entitlements;
				CODE_SIGN_STYLE = Automatic;
				DEVELOPMENT_ASSET_PATHS = "\"Kuchi/Preview Content\"";
				ENABLE_PREVIEWS = YES;
				INFOPLIST_FILE = Kuchi/Info.plist;
				IPHONEOS_DEPLOYMENT_TARGET = 14.0;
				LD_RUNPATH_SEARCH_PATHS = (
					"$(inherited)",
					"@executable_path/Frameworks",
				);
				PRODUCT_BUNDLE_IDENTIFIER = com.oniityann.Kuchi;
				PRODUCT_NAME = "$(TARGET_NAME)";
				SUPPORTS_MACCATALYST = YES;
				SWIFT_VERSION = 5.0;
				TARGETED_DEVICE_FAMILY = "1,2";
			};
			name = Debug;
		};
		EFE490FF262048D800036380 /* Release */ = {
			isa = XCBuildConfiguration;
			buildSettings = {
				ASSETCATALOG_COMPILER_APPICON_NAME = AppIcon;
				ASSETCATALOG_COMPILER_GLOBAL_ACCENT_COLOR_NAME = AccentColor;
				CODE_SIGN_ENTITLEMENTS = Kuchi/Kuchi.entitlements;
				CODE_SIGN_STYLE = Automatic;
				DEVELOPMENT_ASSET_PATHS = "\"Kuchi/Preview Content\"";
				ENABLE_PREVIEWS = YES;
				INFOPLIST_FILE = Kuchi/Info.plist;
				IPHONEOS_DEPLOYMENT_TARGET = 14.0;
				LD_RUNPATH_SEARCH_PATHS = (
					"$(inherited)",
					"@executable_path/Frameworks",
				);
				PRODUCT_BUNDLE_IDENTIFIER = com.oniityann.Kuchi;
				PRODUCT_NAME = "$(TARGET_NAME)";
				SUPPORTS_MACCATALYST = YES;
				SWIFT_VERSION = 5.0;
				TARGETED_DEVICE_FAMILY = "1,2";
			};
			name = Release;
		};
/* End XCBuildConfiguration section */

/* Begin XCConfigurationList section */
		EFE490E9262048D700036380 /* Build configuration list for PBXProject "Kuchi" */ = {
			isa = XCConfigurationList;
			buildConfigurations = (
				EFE490FB262048D800036380 /* Debug */,
				EFE490FC262048D800036380 /* Release */,
			);
			defaultConfigurationIsVisible = 0;
			defaultConfigurationName = Release;
		};
		EFE490FD262048D800036380 /* Build configuration list for PBXNativeTarget "Kuchi" */ = {
			isa = XCConfigurationList;
			buildConfigurations = (
				EFE490FE262048D800036380 /* Debug */,
				EFE490FF262048D800036380 /* Release */,
			);
			defaultConfigurationIsVisible = 0;
			defaultConfigurationName = Release;
		};
/* End XCConfigurationList section */
	};
	rootObject = EFE490E6262048D700036380 /* Project object */;
}
